// !$*UTF8*$!
{
	archiveVersion = 1;
	classes = {
	};
	objectVersion = 50;
	objects = {

/* Begin PBXBuildFile section */
		34B5E5C3D31B2E56FB729400 /* Pods_Whooosh.framework in Frameworks */ = {isa = PBXBuildFile; fileRef = FA50AFE0E19755740BB01AC5 /* Pods_Whooosh.framework */; };
		7434DD84D33DE4409E31F9E1 /* Pods_WhoooshTests.framework in Frameworks */ = {isa = PBXBuildFile; fileRef = 7A7E204D0A0605922B1EA28F /* Pods_WhoooshTests.framework */; };
		A558C9F7221D3C7B0052D29E /* AppDelegate.swift in Sources */ = {isa = PBXBuildFile; fileRef = A558C9F6221D3C7B0052D29E /* AppDelegate.swift */; };
		A558C9F9221D3C7B0052D29E /* FirstViewController.swift in Sources */ = {isa = PBXBuildFile; fileRef = A558C9F8221D3C7B0052D29E /* FirstViewController.swift */; };
		A558C9FB221D3C7B0052D29E /* SecondViewController.swift in Sources */ = {isa = PBXBuildFile; fileRef = A558C9FA221D3C7B0052D29E /* SecondViewController.swift */; };
		A558C9FE221D3C7B0052D29E /* Main.storyboard in Resources */ = {isa = PBXBuildFile; fileRef = A558C9FC221D3C7B0052D29E /* Main.storyboard */; };
		A558CA00221D3C7C0052D29E /* Assets.xcassets in Resources */ = {isa = PBXBuildFile; fileRef = A558C9FF221D3C7C0052D29E /* Assets.xcassets */; };
		A558CA03221D3C7C0052D29E /* LaunchScreen.storyboard in Resources */ = {isa = PBXBuildFile; fileRef = A558CA01221D3C7C0052D29E /* LaunchScreen.storyboard */; };
		A558CA0E221D3C7C0052D29E /* WhoooshTests.swift in Sources */ = {isa = PBXBuildFile; fileRef = A558CA0D221D3C7C0052D29E /* WhoooshTests.swift */; };
		A558CA19221D3C7C0052D29E /* WhoooshUITests.swift in Sources */ = {isa = PBXBuildFile; fileRef = A558CA18221D3C7C0052D29E /* WhoooshUITests.swift */; };
		A558CA29221D3D6B0052D29E /* Constants.swift in Sources */ = {isa = PBXBuildFile; fileRef = A558CA28221D3D6B0052D29E /* Constants.swift */; };
		A558CA2A221D3D6B0052D29E /* Constants.swift in Sources */ = {isa = PBXBuildFile; fileRef = A558CA28221D3D6B0052D29E /* Constants.swift */; };
		A558CA2B221D3D6B0052D29E /* Constants.swift in Sources */ = {isa = PBXBuildFile; fileRef = A558CA28221D3D6B0052D29E /* Constants.swift */; };
		B0F3558E66C36C327318B0C0 /* Pods_WhoooshUITests.framework in Frameworks */ = {isa = PBXBuildFile; fileRef = EBE01C646C16220521E72E61 /* Pods_WhoooshUITests.framework */; };
/* End PBXBuildFile section */

/* Begin PBXContainerItemProxy section */
		A558CA0A221D3C7C0052D29E /* PBXContainerItemProxy */ = {
			isa = PBXContainerItemProxy;
			containerPortal = A558C9EB221D3C7B0052D29E /* Project object */;
			proxyType = 1;
			remoteGlobalIDString = A558C9F2221D3C7B0052D29E;
			remoteInfo = Whooosh;
		};
		A558CA15221D3C7C0052D29E /* PBXContainerItemProxy */ = {
			isa = PBXContainerItemProxy;
			containerPortal = A558C9EB221D3C7B0052D29E /* Project object */;
			proxyType = 1;
			remoteGlobalIDString = A558C9F2221D3C7B0052D29E;
			remoteInfo = Whooosh;
		};
/* End PBXContainerItemProxy section */

/* Begin PBXFileReference section */
		0D6ABE1788885DD08F684097 /* Pods-Whooosh.release.xcconfig */ = {isa = PBXFileReference; includeInIndex = 1; lastKnownFileType = text.xcconfig; name = "Pods-Whooosh.release.xcconfig"; path = "Pods/Target Support Files/Pods-Whooosh/Pods-Whooosh.release.xcconfig"; sourceTree = "<group>"; };
		4605DD9A9724EE90E011D536 /* Pods-WhoooshTests.debug.xcconfig */ = {isa = PBXFileReference; includeInIndex = 1; lastKnownFileType = text.xcconfig; name = "Pods-WhoooshTests.debug.xcconfig"; path = "Pods/Target Support Files/Pods-WhoooshTests/Pods-WhoooshTests.debug.xcconfig"; sourceTree = "<group>"; };
		7A7E204D0A0605922B1EA28F /* Pods_WhoooshTests.framework */ = {isa = PBXFileReference; explicitFileType = wrapper.framework; includeInIndex = 0; path = Pods_WhoooshTests.framework; sourceTree = BUILT_PRODUCTS_DIR; };
		88042B230B1098754F564B50 /* Pods-WhoooshUITests.debug.xcconfig */ = {isa = PBXFileReference; includeInIndex = 1; lastKnownFileType = text.xcconfig; name = "Pods-WhoooshUITests.debug.xcconfig"; path = "Pods/Target Support Files/Pods-WhoooshUITests/Pods-WhoooshUITests.debug.xcconfig"; sourceTree = "<group>"; };
		A558C9F3221D3C7B0052D29E /* Whooosh.app */ = {isa = PBXFileReference; explicitFileType = wrapper.application; includeInIndex = 0; path = Whooosh.app; sourceTree = BUILT_PRODUCTS_DIR; };
		A558C9F6221D3C7B0052D29E /* AppDelegate.swift */ = {isa = PBXFileReference; lastKnownFileType = sourcecode.swift; path = AppDelegate.swift; sourceTree = "<group>"; };
		A558C9F8221D3C7B0052D29E /* FirstViewController.swift */ = {isa = PBXFileReference; lastKnownFileType = sourcecode.swift; path = FirstViewController.swift; sourceTree = "<group>"; };
		A558C9FA221D3C7B0052D29E /* SecondViewController.swift */ = {isa = PBXFileReference; lastKnownFileType = sourcecode.swift; path = SecondViewController.swift; sourceTree = "<group>"; };
		A558C9FD221D3C7B0052D29E /* Base */ = {isa = PBXFileReference; lastKnownFileType = file.storyboard; name = Base; path = Base.lproj/Main.storyboard; sourceTree = "<group>"; };
		A558C9FF221D3C7C0052D29E /* Assets.xcassets */ = {isa = PBXFileReference; lastKnownFileType = folder.assetcatalog; path = Assets.xcassets; sourceTree = "<group>"; };
		A558CA02221D3C7C0052D29E /* Base */ = {isa = PBXFileReference; lastKnownFileType = file.storyboard; name = Base; path = Base.lproj/LaunchScreen.storyboard; sourceTree = "<group>"; };
		A558CA04221D3C7C0052D29E /* Info.plist */ = {isa = PBXFileReference; lastKnownFileType = text.plist.xml; path = Info.plist; sourceTree = "<group>"; };
		A558CA09221D3C7C0052D29E /* WhoooshTests.xctest */ = {isa = PBXFileReference; explicitFileType = wrapper.cfbundle; includeInIndex = 0; path = WhoooshTests.xctest; sourceTree = BUILT_PRODUCTS_DIR; };
		A558CA0D221D3C7C0052D29E /* WhoooshTests.swift */ = {isa = PBXFileReference; lastKnownFileType = sourcecode.swift; path = WhoooshTests.swift; sourceTree = "<group>"; };
		A558CA0F221D3C7C0052D29E /* Info.plist */ = {isa = PBXFileReference; lastKnownFileType = text.plist.xml; path = Info.plist; sourceTree = "<group>"; };
		A558CA14221D3C7C0052D29E /* WhoooshUITests.xctest */ = {isa = PBXFileReference; explicitFileType = wrapper.cfbundle; includeInIndex = 0; path = WhoooshUITests.xctest; sourceTree = BUILT_PRODUCTS_DIR; };
		A558CA18221D3C7C0052D29E /* WhoooshUITests.swift */ = {isa = PBXFileReference; lastKnownFileType = sourcecode.swift; path = WhoooshUITests.swift; sourceTree = "<group>"; };
		A558CA1A221D3C7C0052D29E /* Info.plist */ = {isa = PBXFileReference; lastKnownFileType = text.plist.xml; path = Info.plist; sourceTree = "<group>"; };
		A558CA28221D3D6B0052D29E /* Constants.swift */ = {isa = PBXFileReference; lastKnownFileType = sourcecode.swift; path = Constants.swift; sourceTree = "<group>"; };
		A8C2BE0B413FF0AADA9D9807 /* Pods-WhoooshUITests.release.xcconfig */ = {isa = PBXFileReference; includeInIndex = 1; lastKnownFileType = text.xcconfig; name = "Pods-WhoooshUITests.release.xcconfig"; path = "Pods/Target Support Files/Pods-WhoooshUITests/Pods-WhoooshUITests.release.xcconfig"; sourceTree = "<group>"; };
		EBE01C646C16220521E72E61 /* Pods_WhoooshUITests.framework */ = {isa = PBXFileReference; explicitFileType = wrapper.framework; includeInIndex = 0; path = Pods_WhoooshUITests.framework; sourceTree = BUILT_PRODUCTS_DIR; };
		ED5BFB4F14B03B0BD5BC731D /* Pods-Whooosh.debug.xcconfig */ = {isa = PBXFileReference; includeInIndex = 1; lastKnownFileType = text.xcconfig; name = "Pods-Whooosh.debug.xcconfig"; path = "Pods/Target Support Files/Pods-Whooosh/Pods-Whooosh.debug.xcconfig"; sourceTree = "<group>"; };
		F74BC64F311B8D281503A723 /* Pods-WhoooshTests.release.xcconfig */ = {isa = PBXFileReference; includeInIndex = 1; lastKnownFileType = text.xcconfig; name = "Pods-WhoooshTests.release.xcconfig"; path = "Pods/Target Support Files/Pods-WhoooshTests/Pods-WhoooshTests.release.xcconfig"; sourceTree = "<group>"; };
		FA50AFE0E19755740BB01AC5 /* Pods_Whooosh.framework */ = {isa = PBXFileReference; explicitFileType = wrapper.framework; includeInIndex = 0; path = Pods_Whooosh.framework; sourceTree = BUILT_PRODUCTS_DIR; };
/* End PBXFileReference section */

/* Begin PBXFrameworksBuildPhase section */
		A558C9F0221D3C7B0052D29E /* Frameworks */ = {
			isa = PBXFrameworksBuildPhase;
			buildActionMask = 2147483647;
			files = (
				34B5E5C3D31B2E56FB729400 /* Pods_Whooosh.framework in Frameworks */,
			);
			runOnlyForDeploymentPostprocessing = 0;
		};
		A558CA06221D3C7C0052D29E /* Frameworks */ = {
			isa = PBXFrameworksBuildPhase;
			buildActionMask = 2147483647;
			files = (
				7434DD84D33DE4409E31F9E1 /* Pods_WhoooshTests.framework in Frameworks */,
			);
			runOnlyForDeploymentPostprocessing = 0;
		};
		A558CA11221D3C7C0052D29E /* Frameworks */ = {
			isa = PBXFrameworksBuildPhase;
			buildActionMask = 2147483647;
			files = (
				B0F3558E66C36C327318B0C0 /* Pods_WhoooshUITests.framework in Frameworks */,
			);
			runOnlyForDeploymentPostprocessing = 0;
		};
/* End PBXFrameworksBuildPhase section */

/* Begin PBXGroup section */
		7551F1332ADA5F4B3D5466C5 /* Pods */ = {
			isa = PBXGroup;
			children = (
				ED5BFB4F14B03B0BD5BC731D /* Pods-Whooosh.debug.xcconfig */,
				0D6ABE1788885DD08F684097 /* Pods-Whooosh.release.xcconfig */,
				4605DD9A9724EE90E011D536 /* Pods-WhoooshTests.debug.xcconfig */,
				F74BC64F311B8D281503A723 /* Pods-WhoooshTests.release.xcconfig */,
				88042B230B1098754F564B50 /* Pods-WhoooshUITests.debug.xcconfig */,
				A8C2BE0B413FF0AADA9D9807 /* Pods-WhoooshUITests.release.xcconfig */,
			);
			name = Pods;
			sourceTree = "<group>";
		};
		A558C9EA221D3C7B0052D29E = {
			isa = PBXGroup;
			children = (
				A558C9F5221D3C7B0052D29E /* Whooosh */,
				A558CA0C221D3C7C0052D29E /* WhoooshTests */,
				A558CA17221D3C7C0052D29E /* WhoooshUITests */,
				A558C9F4221D3C7B0052D29E /* Products */,
				7551F1332ADA5F4B3D5466C5 /* Pods */,
				F6C39E7FB21585CECE9B80F5 /* Frameworks */,
			);
			sourceTree = "<group>";
		};
		A558C9F4221D3C7B0052D29E /* Products */ = {
			isa = PBXGroup;
			children = (
				A558C9F3221D3C7B0052D29E /* Whooosh.app */,
				A558CA09221D3C7C0052D29E /* WhoooshTests.xctest */,
				A558CA14221D3C7C0052D29E /* WhoooshUITests.xctest */,
			);
			name = Products;
			sourceTree = "<group>";
		};
		A558C9F5221D3C7B0052D29E /* Whooosh */ = {
			isa = PBXGroup;
			children = (
				A558CA27221D3CA40052D29E /* Components */,
				A558CA26221D3C960052D29E /* Dependencies */,
				A558C9F6221D3C7B0052D29E /* AppDelegate.swift */,
				A558C9F8221D3C7B0052D29E /* FirstViewController.swift */,
				A558C9FA221D3C7B0052D29E /* SecondViewController.swift */,
				A558C9FC221D3C7B0052D29E /* Main.storyboard */,
				A558C9FF221D3C7C0052D29E /* Assets.xcassets */,
				A558CA01221D3C7C0052D29E /* LaunchScreen.storyboard */,
				A558CA04221D3C7C0052D29E /* Info.plist */,
			);
			path = Whooosh;
			sourceTree = "<group>";
		};
		A558CA0C221D3C7C0052D29E /* WhoooshTests */ = {
			isa = PBXGroup;
			children = (
				A558CA0D221D3C7C0052D29E /* WhoooshTests.swift */,
				A558CA0F221D3C7C0052D29E /* Info.plist */,
			);
			path = WhoooshTests;
			sourceTree = "<group>";
		};
		A558CA17221D3C7C0052D29E /* WhoooshUITests */ = {
			isa = PBXGroup;
			children = (
				A558CA18221D3C7C0052D29E /* WhoooshUITests.swift */,
				A558CA1A221D3C7C0052D29E /* Info.plist */,
			);
			path = WhoooshUITests;
			sourceTree = "<group>";
		};
		A558CA26221D3C960052D29E /* Dependencies */ = {
			isa = PBXGroup;
			children = (
				A558CA28221D3D6B0052D29E /* Constants.swift */,
			);
			path = Dependencies;
			sourceTree = "<group>";
		};
		A558CA27221D3CA40052D29E /* Components */ = {
			isa = PBXGroup;
			children = (
			);
			path = Components;
			sourceTree = "<group>";
		};
		F6C39E7FB21585CECE9B80F5 /* Frameworks */ = {
			isa = PBXGroup;
			children = (
				FA50AFE0E19755740BB01AC5 /* Pods_Whooosh.framework */,
				7A7E204D0A0605922B1EA28F /* Pods_WhoooshTests.framework */,
				EBE01C646C16220521E72E61 /* Pods_WhoooshUITests.framework */,
			);
			name = Frameworks;
			sourceTree = "<group>";
		};
/* End PBXGroup section */

/* Begin PBXNativeTarget section */
		A558C9F2221D3C7B0052D29E /* Whooosh */ = {
			isa = PBXNativeTarget;
			buildConfigurationList = A558CA1D221D3C7C0052D29E /* Build configuration list for PBXNativeTarget "Whooosh" */;
			buildPhases = (
				0D339B38C597856459F36125 /* [CP] Check Pods Manifest.lock */,
				A558C9EF221D3C7B0052D29E /* Sources */,
				A558C9F0221D3C7B0052D29E /* Frameworks */,
				A558C9F1221D3C7B0052D29E /* Resources */,
				36B377B3B3B3A9C93F7E3CBD /* [CP] Embed Pods Frameworks */,
			);
			buildRules = (
			);
			dependencies = (
			);
			name = Whooosh;
			productName = Whooosh;
			productReference = A558C9F3221D3C7B0052D29E /* Whooosh.app */;
			productType = "com.apple.product-type.application";
		};
		A558CA08221D3C7C0052D29E /* WhoooshTests */ = {
			isa = PBXNativeTarget;
			buildConfigurationList = A558CA20221D3C7C0052D29E /* Build configuration list for PBXNativeTarget "WhoooshTests" */;
			buildPhases = (
				9AEA088C006BE299D272DA97 /* [CP] Check Pods Manifest.lock */,
				A558CA05221D3C7C0052D29E /* Sources */,
				A558CA06221D3C7C0052D29E /* Frameworks */,
				A558CA07221D3C7C0052D29E /* Resources */,
			);
			buildRules = (
			);
			dependencies = (
				A558CA0B221D3C7C0052D29E /* PBXTargetDependency */,
			);
			name = WhoooshTests;
			productName = WhoooshTests;
			productReference = A558CA09221D3C7C0052D29E /* WhoooshTests.xctest */;
			productType = "com.apple.product-type.bundle.unit-test";
		};
		A558CA13221D3C7C0052D29E /* WhoooshUITests */ = {
			isa = PBXNativeTarget;
			buildConfigurationList = A558CA23221D3C7C0052D29E /* Build configuration list for PBXNativeTarget "WhoooshUITests" */;
			buildPhases = (
				1F327D0DFF304E5A18E701B4 /* [CP] Check Pods Manifest.lock */,
				A558CA10221D3C7C0052D29E /* Sources */,
				A558CA11221D3C7C0052D29E /* Frameworks */,
				A558CA12221D3C7C0052D29E /* Resources */,
			);
			buildRules = (
			);
			dependencies = (
				A558CA16221D3C7C0052D29E /* PBXTargetDependency */,
			);
			name = WhoooshUITests;
			productName = WhoooshUITests;
			productReference = A558CA14221D3C7C0052D29E /* WhoooshUITests.xctest */;
			productType = "com.apple.product-type.bundle.ui-testing";
		};
/* End PBXNativeTarget section */

/* Begin PBXProject section */
		A558C9EB221D3C7B0052D29E /* Project object */ = {
			isa = PBXProject;
			attributes = {
				LastSwiftUpdateCheck = 1010;
				LastUpgradeCheck = 1010;
				ORGANIZATIONNAME = "Jamal Rasool";
				TargetAttributes = {
					A558C9F2221D3C7B0052D29E = {
						CreatedOnToolsVersion = 10.1;
					};
					A558CA08221D3C7C0052D29E = {
						CreatedOnToolsVersion = 10.1;
						TestTargetID = A558C9F2221D3C7B0052D29E;
					};
					A558CA13221D3C7C0052D29E = {
						CreatedOnToolsVersion = 10.1;
						TestTargetID = A558C9F2221D3C7B0052D29E;
					};
				};
			};
			buildConfigurationList = A558C9EE221D3C7B0052D29E /* Build configuration list for PBXProject "Whooosh" */;
			compatibilityVersion = "Xcode 9.3";
			developmentRegion = en;
			hasScannedForEncodings = 0;
			knownRegions = (
				en,
				Base,
			);
			mainGroup = A558C9EA221D3C7B0052D29E;
			productRefGroup = A558C9F4221D3C7B0052D29E /* Products */;
			projectDirPath = "";
			projectRoot = "";
			targets = (
				A558C9F2221D3C7B0052D29E /* Whooosh */,
				A558CA08221D3C7C0052D29E /* WhoooshTests */,
				A558CA13221D3C7C0052D29E /* WhoooshUITests */,
			);
		};
/* End PBXProject section */

/* Begin PBXResourcesBuildPhase section */
		A558C9F1221D3C7B0052D29E /* Resources */ = {
			isa = PBXResourcesBuildPhase;
			buildActionMask = 2147483647;
			files = (
				A558CA03221D3C7C0052D29E /* LaunchScreen.storyboard in Resources */,
				A558CA00221D3C7C0052D29E /* Assets.xcassets in Resources */,
				A558C9FE221D3C7B0052D29E /* Main.storyboard in Resources */,
			);
			runOnlyForDeploymentPostprocessing = 0;
		};
		A558CA07221D3C7C0052D29E /* Resources */ = {
			isa = PBXResourcesBuildPhase;
			buildActionMask = 2147483647;
			files = (
			);
			runOnlyForDeploymentPostprocessing = 0;
		};
		A558CA12221D3C7C0052D29E /* Resources */ = {
			isa = PBXResourcesBuildPhase;
			buildActionMask = 2147483647;
			files = (
			);
			runOnlyForDeploymentPostprocessing = 0;
		};
/* End PBXResourcesBuildPhase section */

/* Begin PBXShellScriptBuildPhase section */
		0D339B38C597856459F36125 /* [CP] Check Pods Manifest.lock */ = {
			isa = PBXShellScriptBuildPhase;
			buildActionMask = 2147483647;
			files = (
			);
			inputFileListPaths = (
			);
			inputPaths = (
				"${PODS_PODFILE_DIR_PATH}/Podfile.lock",
				"${PODS_ROOT}/Manifest.lock",
			);
			name = "[CP] Check Pods Manifest.lock";
			outputFileListPaths = (
			);
			outputPaths = (
				"$(DERIVED_FILE_DIR)/Pods-Whooosh-checkManifestLockResult.txt",
			);
			runOnlyForDeploymentPostprocessing = 0;
			shellPath = /bin/sh;
			shellScript = "diff \"${PODS_PODFILE_DIR_PATH}/Podfile.lock\" \"${PODS_ROOT}/Manifest.lock\" > /dev/null\nif [ $? != 0 ] ; then\n    # print error to STDERR\n    echo \"error: The sandbox is not in sync with the Podfile.lock. Run 'pod install' or update your CocoaPods installation.\" >&2\n    exit 1\nfi\n# This output is used by Xcode 'outputs' to avoid re-running this script phase.\necho \"SUCCESS\" > \"${SCRIPT_OUTPUT_FILE_0}\"\n";
			showEnvVarsInLog = 0;
		};
		1F327D0DFF304E5A18E701B4 /* [CP] Check Pods Manifest.lock */ = {
			isa = PBXShellScriptBuildPhase;
			buildActionMask = 2147483647;
			files = (
			);
			inputFileListPaths = (
			);
			inputPaths = (
				"${PODS_PODFILE_DIR_PATH}/Podfile.lock",
				"${PODS_ROOT}/Manifest.lock",
			);
			name = "[CP] Check Pods Manifest.lock";
			outputFileListPaths = (
			);
			outputPaths = (
				"$(DERIVED_FILE_DIR)/Pods-WhoooshUITests-checkManifestLockResult.txt",
			);
			runOnlyForDeploymentPostprocessing = 0;
			shellPath = /bin/sh;
			shellScript = "diff \"${PODS_PODFILE_DIR_PATH}/Podfile.lock\" \"${PODS_ROOT}/Manifest.lock\" > /dev/null\nif [ $? != 0 ] ; then\n    # print error to STDERR\n    echo \"error: The sandbox is not in sync with the Podfile.lock. Run 'pod install' or update your CocoaPods installation.\" >&2\n    exit 1\nfi\n# This output is used by Xcode 'outputs' to avoid re-running this script phase.\necho \"SUCCESS\" > \"${SCRIPT_OUTPUT_FILE_0}\"\n";
			showEnvVarsInLog = 0;
		};
		36B377B3B3B3A9C93F7E3CBD /* [CP] Embed Pods Frameworks */ = {
			isa = PBXShellScriptBuildPhase;
			buildActionMask = 2147483647;
			files = (
			);
			inputFileListPaths = (
			);
			inputPaths = (
				"${SRCROOT}/Pods/Target Support Files/Pods-Whooosh/Pods-Whooosh-frameworks.sh",
				"${BUILT_PRODUCTS_DIR}/Arrow/Arrow.framework",
				"${BUILT_PRODUCTS_DIR}/ClusterKit/ClusterKit.framework",
				"${BUILT_PRODUCTS_DIR}/FFPopup/FFPopup.framework",
				"${BUILT_PRODUCTS_DIR}/FontAwesome.swift/FontAwesome_swift.framework",
				"${BUILT_PRODUCTS_DIR}/Kingfisher/Kingfisher.framework",
				"${PODS_ROOT}/Mapbox-iOS-SDK/dynamic/Mapbox.framework",
				"${PODS_ROOT}/Mapbox-iOS-SDK/dynamic/Mapbox.framework.dSYM",
				"${BUILT_PRODUCTS_DIR}/SwiftyJSON/SwiftyJSON.framework",
			);
			name = "[CP] Embed Pods Frameworks";
			outputFileListPaths = (
			);
			outputPaths = (
				"${TARGET_BUILD_DIR}/${FRAMEWORKS_FOLDER_PATH}/Arrow.framework",
				"${TARGET_BUILD_DIR}/${FRAMEWORKS_FOLDER_PATH}/ClusterKit.framework",
				"${TARGET_BUILD_DIR}/${FRAMEWORKS_FOLDER_PATH}/FFPopup.framework",
				"${TARGET_BUILD_DIR}/${FRAMEWORKS_FOLDER_PATH}/FontAwesome_swift.framework",
				"${TARGET_BUILD_DIR}/${FRAMEWORKS_FOLDER_PATH}/Kingfisher.framework",
				"${TARGET_BUILD_DIR}/${FRAMEWORKS_FOLDER_PATH}/Mapbox.framework",
				"${DWARF_DSYM_FOLDER_PATH}/Mapbox.framework.dSYM",
				"${TARGET_BUILD_DIR}/${FRAMEWORKS_FOLDER_PATH}/SwiftyJSON.framework",
			);
			runOnlyForDeploymentPostprocessing = 0;
			shellPath = /bin/sh;
			shellScript = "\"${SRCROOT}/Pods/Target Support Files/Pods-Whooosh/Pods-Whooosh-frameworks.sh\"\n";
			showEnvVarsInLog = 0;
		};
		9AEA088C006BE299D272DA97 /* [CP] Check Pods Manifest.lock */ = {
			isa = PBXShellScriptBuildPhase;
			buildActionMask = 2147483647;
			files = (
			);
			inputFileListPaths = (
			);
			inputPaths = (
				"${PODS_PODFILE_DIR_PATH}/Podfile.lock",
				"${PODS_ROOT}/Manifest.lock",
			);
			name = "[CP] Check Pods Manifest.lock";
			outputFileListPaths = (
			);
			outputPaths = (
				"$(DERIVED_FILE_DIR)/Pods-WhoooshTests-checkManifestLockResult.txt",
			);
			runOnlyForDeploymentPostprocessing = 0;
			shellPath = /bin/sh;
			shellScript = "diff \"${PODS_PODFILE_DIR_PATH}/Podfile.lock\" \"${PODS_ROOT}/Manifest.lock\" > /dev/null\nif [ $? != 0 ] ; then\n    # print error to STDERR\n    echo \"error: The sandbox is not in sync with the Podfile.lock. Run 'pod install' or update your CocoaPods installation.\" >&2\n    exit 1\nfi\n# This output is used by Xcode 'outputs' to avoid re-running this script phase.\necho \"SUCCESS\" > \"${SCRIPT_OUTPUT_FILE_0}\"\n";
			showEnvVarsInLog = 0;
		};
/* End PBXShellScriptBuildPhase section */

/* Begin PBXSourcesBuildPhase section */
		A558C9EF221D3C7B0052D29E /* Sources */ = {
			isa = PBXSourcesBuildPhase;
			buildActionMask = 2147483647;
			files = (
				A558C9FB221D3C7B0052D29E /* SecondViewController.swift in Sources */,
				A558C9F7221D3C7B0052D29E /* AppDelegate.swift in Sources */,
				A558C9F9221D3C7B0052D29E /* FirstViewController.swift in Sources */,
				A558CA29221D3D6B0052D29E /* Constants.swift in Sources */,
			);
			runOnlyForDeploymentPostprocessing = 0;
		};
		A558CA05221D3C7C0052D29E /* Sources */ = {
			isa = PBXSourcesBuildPhase;
			buildActionMask = 2147483647;
			files = (
				A558CA0E221D3C7C0052D29E /* WhoooshTests.swift in Sources */,
				A558CA2A221D3D6B0052D29E /* Constants.swift in Sources */,
			);
			runOnlyForDeploymentPostprocessing = 0;
		};
		A558CA10221D3C7C0052D29E /* Sources */ = {
			isa = PBXSourcesBuildPhase;
			buildActionMask = 2147483647;
			files = (
				A558CA19221D3C7C0052D29E /* WhoooshUITests.swift in Sources */,
				A558CA2B221D3D6B0052D29E /* Constants.swift in Sources */,
			);
			runOnlyForDeploymentPostprocessing = 0;
		};
/* End PBXSourcesBuildPhase section */

/* Begin PBXTargetDependency section */
		A558CA0B221D3C7C0052D29E /* PBXTargetDependency */ = {
			isa = PBXTargetDependency;
			target = A558C9F2221D3C7B0052D29E /* Whooosh */;
			targetProxy = A558CA0A221D3C7C0052D29E /* PBXContainerItemProxy */;
		};
		A558CA16221D3C7C0052D29E /* PBXTargetDependency */ = {
			isa = PBXTargetDependency;
			target = A558C9F2221D3C7B0052D29E /* Whooosh */;
			targetProxy = A558CA15221D3C7C0052D29E /* PBXContainerItemProxy */;
		};
/* End PBXTargetDependency section */

/* Begin PBXVariantGroup section */
		A558C9FC221D3C7B0052D29E /* Main.storyboard */ = {
			isa = PBXVariantGroup;
			children = (
				A558C9FD221D3C7B0052D29E /* Base */,
			);
			name = Main.storyboard;
			sourceTree = "<group>";
		};
		A558CA01221D3C7C0052D29E /* LaunchScreen.storyboard */ = {
			isa = PBXVariantGroup;
			children = (
				A558CA02221D3C7C0052D29E /* Base */,
			);
			name = LaunchScreen.storyboard;
			sourceTree = "<group>";
		};
/* End PBXVariantGroup section */

/* Begin XCBuildConfiguration section */
		A558CA1B221D3C7C0052D29E /* Debug */ = {
			isa = XCBuildConfiguration;
			buildSettings = {
				ALWAYS_SEARCH_USER_PATHS = NO;
				CLANG_ANALYZER_NONNULL = YES;
				CLANG_ANALYZER_NUMBER_OBJECT_CONVERSION = YES_AGGRESSIVE;
				CLANG_CXX_LANGUAGE_STANDARD = "gnu++14";
				CLANG_CXX_LIBRARY = "libc++";
				CLANG_ENABLE_MODULES = YES;
				CLANG_ENABLE_OBJC_ARC = YES;
				CLANG_ENABLE_OBJC_WEAK = YES;
				CLANG_WARN_BLOCK_CAPTURE_AUTORELEASING = YES;
				CLANG_WARN_BOOL_CONVERSION = YES;
				CLANG_WARN_COMMA = YES;
				CLANG_WARN_CONSTANT_CONVERSION = YES;
				CLANG_WARN_DEPRECATED_OBJC_IMPLEMENTATIONS = YES;
				CLANG_WARN_DIRECT_OBJC_ISA_USAGE = YES_ERROR;
				CLANG_WARN_DOCUMENTATION_COMMENTS = YES;
				CLANG_WARN_EMPTY_BODY = YES;
				CLANG_WARN_ENUM_CONVERSION = YES;
				CLANG_WARN_INFINITE_RECURSION = YES;
				CLANG_WARN_INT_CONVERSION = YES;
				CLANG_WARN_NON_LITERAL_NULL_CONVERSION = YES;
				CLANG_WARN_OBJC_IMPLICIT_RETAIN_SELF = YES;
				CLANG_WARN_OBJC_LITERAL_CONVERSION = YES;
				CLANG_WARN_OBJC_ROOT_CLASS = YES_ERROR;
				CLANG_WARN_RANGE_LOOP_ANALYSIS = YES;
				CLANG_WARN_STRICT_PROTOTYPES = YES;
				CLANG_WARN_SUSPICIOUS_MOVE = YES;
				CLANG_WARN_UNGUARDED_AVAILABILITY = YES_AGGRESSIVE;
				CLANG_WARN_UNREACHABLE_CODE = YES;
				CLANG_WARN__DUPLICATE_METHOD_MATCH = YES;
				CODE_SIGN_IDENTITY = "iPhone Developer";
				COPY_PHASE_STRIP = NO;
				DEBUG_INFORMATION_FORMAT = dwarf;
				ENABLE_STRICT_OBJC_MSGSEND = YES;
				ENABLE_TESTABILITY = YES;
				GCC_C_LANGUAGE_STANDARD = gnu11;
				GCC_DYNAMIC_NO_PIC = NO;
				GCC_NO_COMMON_BLOCKS = YES;
				GCC_OPTIMIZATION_LEVEL = 0;
				GCC_PREPROCESSOR_DEFINITIONS = (
					"DEBUG=1",
					"$(inherited)",
				);
				GCC_WARN_64_TO_32_BIT_CONVERSION = YES;
				GCC_WARN_ABOUT_RETURN_TYPE = YES_ERROR;
				GCC_WARN_UNDECLARED_SELECTOR = YES;
				GCC_WARN_UNINITIALIZED_AUTOS = YES_AGGRESSIVE;
				GCC_WARN_UNUSED_FUNCTION = YES;
				GCC_WARN_UNUSED_VARIABLE = YES;
				IPHONEOS_DEPLOYMENT_TARGET = 12.1;
				MTL_ENABLE_DEBUG_INFO = INCLUDE_SOURCE;
				MTL_FAST_MATH = YES;
				ONLY_ACTIVE_ARCH = YES;
				SDKROOT = iphoneos;
				SWIFT_ACTIVE_COMPILATION_CONDITIONS = DEBUG;
				SWIFT_OPTIMIZATION_LEVEL = "-Onone";
			};
			name = Debug;
		};
		A558CA1C221D3C7C0052D29E /* Release */ = {
			isa = XCBuildConfiguration;
			buildSettings = {
				ALWAYS_SEARCH_USER_PATHS = NO;
				CLANG_ANALYZER_NONNULL = YES;
				CLANG_ANALYZER_NUMBER_OBJECT_CONVERSION = YES_AGGRESSIVE;
				CLANG_CXX_LANGUAGE_STANDARD = "gnu++14";
				CLANG_CXX_LIBRARY = "libc++";
				CLANG_ENABLE_MODULES = YES;
				CLANG_ENABLE_OBJC_ARC = YES;
				CLANG_ENABLE_OBJC_WEAK = YES;
				CLANG_WARN_BLOCK_CAPTURE_AUTORELEASING = YES;
				CLANG_WARN_BOOL_CONVERSION = YES;
				CLANG_WARN_COMMA = YES;
				CLANG_WARN_CONSTANT_CONVERSION = YES;
				CLANG_WARN_DEPRECATED_OBJC_IMPLEMENTATIONS = YES;
				CLANG_WARN_DIRECT_OBJC_ISA_USAGE = YES_ERROR;
				CLANG_WARN_DOCUMENTATION_COMMENTS = YES;
				CLANG_WARN_EMPTY_BODY = YES;
				CLANG_WARN_ENUM_CONVERSION = YES;
				CLANG_WARN_INFINITE_RECURSION = YES;
				CLANG_WARN_INT_CONVERSION = YES;
				CLANG_WARN_NON_LITERAL_NULL_CONVERSION = YES;
				CLANG_WARN_OBJC_IMPLICIT_RETAIN_SELF = YES;
				CLANG_WARN_OBJC_LITERAL_CONVERSION = YES;
				CLANG_WARN_OBJC_ROOT_CLASS = YES_ERROR;
				CLANG_WARN_RANGE_LOOP_ANALYSIS = YES;
				CLANG_WARN_STRICT_PROTOTYPES = YES;
				CLANG_WARN_SUSPICIOUS_MOVE = YES;
				CLANG_WARN_UNGUARDED_AVAILABILITY = YES_AGGRESSIVE;
				CLANG_WARN_UNREACHABLE_CODE = YES;
				CLANG_WARN__DUPLICATE_METHOD_MATCH = YES;
				CODE_SIGN_IDENTITY = "iPhone Developer";
				COPY_PHASE_STRIP = NO;
				DEBUG_INFORMATION_FORMAT = "dwarf-with-dsym";
				ENABLE_NS_ASSERTIONS = NO;
				ENABLE_STRICT_OBJC_MSGSEND = YES;
				GCC_C_LANGUAGE_STANDARD = gnu11;
				GCC_NO_COMMON_BLOCKS = YES;
				GCC_WARN_64_TO_32_BIT_CONVERSION = YES;
				GCC_WARN_ABOUT_RETURN_TYPE = YES_ERROR;
				GCC_WARN_UNDECLARED_SELECTOR = YES;
				GCC_WARN_UNINITIALIZED_AUTOS = YES_AGGRESSIVE;
				GCC_WARN_UNUSED_FUNCTION = YES;
				GCC_WARN_UNUSED_VARIABLE = YES;
				IPHONEOS_DEPLOYMENT_TARGET = 12.1;
				MTL_ENABLE_DEBUG_INFO = NO;
				MTL_FAST_MATH = YES;
				SDKROOT = iphoneos;
				SWIFT_COMPILATION_MODE = wholemodule;
				SWIFT_OPTIMIZATION_LEVEL = "-O";
				VALIDATE_PRODUCT = YES;
			};
			name = Release;
		};
		A558CA1E221D3C7C0052D29E /* Debug */ = {
			isa = XCBuildConfiguration;
			baseConfigurationReference = ED5BFB4F14B03B0BD5BC731D /* Pods-Whooosh.debug.xcconfig */;
			buildSettings = {
				ASSETCATALOG_COMPILER_APPICON_NAME = AppIcon;
				CODE_SIGN_STYLE = Automatic;
				DEVELOPMENT_TEAM = 4ZZP22A3W8;
				INFOPLIST_FILE = Whooosh/Info.plist;
				LD_RUNPATH_SEARCH_PATHS = (
					"$(inherited)",
					"@executable_path/Frameworks",
				);
				PRODUCT_BUNDLE_IDENTIFIER = veve.Whooosh;
				PRODUCT_NAME = "$(TARGET_NAME)";
				SWIFT_VERSION = 4.2;
				TARGETED_DEVICE_FAMILY = "1,2";
			};
			name = Debug;
		};
		A558CA1F221D3C7C0052D29E /* Release */ = {
			isa = XCBuildConfiguration;
			baseConfigurationReference = 0D6ABE1788885DD08F684097 /* Pods-Whooosh.release.xcconfig */;
			buildSettings = {
				ASSETCATALOG_COMPILER_APPICON_NAME = AppIcon;
				CODE_SIGN_STYLE = Automatic;
				DEVELOPMENT_TEAM = 4ZZP22A3W8;
				INFOPLIST_FILE = Whooosh/Info.plist;
				LD_RUNPATH_SEARCH_PATHS = (
					"$(inherited)",
					"@executable_path/Frameworks",
				);
				PRODUCT_BUNDLE_IDENTIFIER = veve.Whooosh;
				PRODUCT_NAME = "$(TARGET_NAME)";
				SWIFT_VERSION = 4.2;
				TARGETED_DEVICE_FAMILY = "1,2";
			};
			name = Release;
		};
		A558CA21221D3C7C0052D29E /* Debug */ = {
			isa = XCBuildConfiguration;
			baseConfigurationReference = 4605DD9A9724EE90E011D536 /* Pods-WhoooshTests.debug.xcconfig */;
			buildSettings = {
				ALWAYS_EMBED_SWIFT_STANDARD_LIBRARIES = YES;
				BUNDLE_LOADER = "$(TEST_HOST)";
				CODE_SIGN_STYLE = Automatic;
				DEVELOPMENT_TEAM = 4ZZP22A3W8;
				INFOPLIST_FILE = WhoooshTests/Info.plist;
				LD_RUNPATH_SEARCH_PATHS = (
					"$(inherited)",
					"@executable_path/Frameworks",
					"@loader_path/Frameworks",
				);
				PRODUCT_BUNDLE_IDENTIFIER = veve.WhoooshTests;
				PRODUCT_NAME = "$(TARGET_NAME)";
				SWIFT_VERSION = 4.2;
				TARGETED_DEVICE_FAMILY = "1,2";
				TEST_HOST = "$(BUILT_PRODUCTS_DIR)/Whooosh.app/Whooosh";
			};
			name = Debug;
		};
		A558CA22221D3C7C0052D29E /* Release */ = {
			isa = XCBuildConfiguration;
			baseConfigurationReference = F74BC64F311B8D281503A723 /* Pods-WhoooshTests.release.xcconfig */;
			buildSettings = {
				ALWAYS_EMBED_SWIFT_STANDARD_LIBRARIES = YES;
				BUNDLE_LOADER = "$(TEST_HOST)";
				CODE_SIGN_STYLE = Automatic;
				DEVELOPMENT_TEAM = 4ZZP22A3W8;
				INFOPLIST_FILE = WhoooshTests/Info.plist;
				LD_RUNPATH_SEARCH_PATHS = (
					"$(inherited)",
					"@executable_path/Frameworks",
					"@loader_path/Frameworks",
				);
				PRODUCT_BUNDLE_IDENTIFIER = veve.WhoooshTests;
				PRODUCT_NAME = "$(TARGET_NAME)";
				SWIFT_VERSION = 4.2;
				TARGETED_DEVICE_FAMILY = "1,2";
				TEST_HOST = "$(BUILT_PRODUCTS_DIR)/Whooosh.app/Whooosh";
			};
			name = Release;
		};
		A558CA24221D3C7C0052D29E /* Debug */ = {
			isa = XCBuildConfiguration;
			baseConfigurationReference = 88042B230B1098754F564B50 /* Pods-WhoooshUITests.debug.xcconfig */;
			buildSettings = {
				ALWAYS_EMBED_SWIFT_STANDARD_LIBRARIES = YES;
				CODE_SIGN_STYLE = Automatic;
				DEVELOPMENT_TEAM = 4ZZP22A3W8;
				INFOPLIST_FILE = WhoooshUITests/Info.plist;
				LD_RUNPATH_SEARCH_PATHS = (
					"$(inherited)",
					"@executable_path/Frameworks",
					"@loader_path/Frameworks",
				);
				PRODUCT_BUNDLE_IDENTIFIER = veve.WhoooshUITests;
				PRODUCT_NAME = "$(TARGET_NAME)";
				SWIFT_VERSION = 4.2;
				TARGETED_DEVICE_FAMILY = "1,2";
				TEST_TARGET_NAME = Whooosh;
			};
			name = Debug;
		};
		A558CA25221D3C7C0052D29E /* Release */ = {
			isa = XCBuildConfiguration;
			baseConfigurationReference = A8C2BE0B413FF0AADA9D9807 /* Pods-WhoooshUITests.release.xcconfig */;
			buildSettings = {
				ALWAYS_EMBED_SWIFT_STANDARD_LIBRARIES = YES;
				CODE_SIGN_STYLE = Automatic;
				DEVELOPMENT_TEAM = 4ZZP22A3W8;
				INFOPLIST_FILE = WhoooshUITests/Info.plist;
				LD_RUNPATH_SEARCH_PATHS = (
					"$(inherited)",
					"@executable_path/Frameworks",
					"@loader_path/Frameworks",
				);
				PRODUCT_BUNDLE_IDENTIFIER = veve.WhoooshUITests;
				PRODUCT_NAME = "$(TARGET_NAME)";
				SWIFT_VERSION = 4.2;
				TARGETED_DEVICE_FAMILY = "1,2";
				TEST_TARGET_NAME = Whooosh;
			};
			name = Release;
		};
/* End XCBuildConfiguration section */

/* Begin XCConfigurationList section */
		A558C9EE221D3C7B0052D29E /* Build configuration list for PBXProject "Whooosh" */ = {
			isa = XCConfigurationList;
			buildConfigurations = (
				A558CA1B221D3C7C0052D29E /* Debug */,
				A558CA1C221D3C7C0052D29E /* Release */,
			);
			defaultConfigurationIsVisible = 0;
			defaultConfigurationName = Release;
		};
		A558CA1D221D3C7C0052D29E /* Build configuration list for PBXNativeTarget "Whooosh" */ = {
			isa = XCConfigurationList;
			buildConfigurations = (
				A558CA1E221D3C7C0052D29E /* Debug */,
				A558CA1F221D3C7C0052D29E /* Release */,
			);
			defaultConfigurationIsVisible = 0;
			defaultConfigurationName = Release;
		};
		A558CA20221D3C7C0052D29E /* Build configuration list for PBXNativeTarget "WhoooshTests" */ = {
			isa = XCConfigurationList;
			buildConfigurations = (
				A558CA21221D3C7C0052D29E /* Debug */,
				A558CA22221D3C7C0052D29E /* Release */,
			);
			defaultConfigurationIsVisible = 0;
			defaultConfigurationName = Release;
		};
		A558CA23221D3C7C0052D29E /* Build configuration list for PBXNativeTarget "WhoooshUITests" */ = {
			isa = XCConfigurationList;
			buildConfigurations = (
				A558CA24221D3C7C0052D29E /* Debug */,
				A558CA25221D3C7C0052D29E /* Release */,
			);
			defaultConfigurationIsVisible = 0;
			defaultConfigurationName = Release;
		};
/* End XCConfigurationList section */
	};
	rootObject = A558C9EB221D3C7B0052D29E /* Project object */;
}
